uuid: 86280759-ed1f-4965-ba91-13158f0ccaa9
langcode: en
status: true
dependencies:
  module:
    - node
    - react_comments
  theme:
    - tailwindcss
id: reactcommentsblock
theme: tailwindcss
region: content
weight: 0
provider: null
plugin: react_comments_block
settings:
  id: react_comments_block
  label: 'React Comments'
  label_display: visible
  provider: react_comments
  context_mapping:
    node: '@node.node_route_context:node'
visibility:
  'entity_bundle:node':
    id: 'entity_bundle:node'
    negate: false
    context_mapping:
      node: '@node.node_route_context:node'
    bundles:
      game: game
